
Microsoft Visual Studio Solution File, Format Version 12.00
Project("{FAE04EC0-301F-11D3-BF4B-00C04F79EFBC}") = "AsyncAPI", "AsyncAPI\AsyncAPI.csproj", "{7FEFB982-C7CF-44FC-8DD4-1151564A0EBC}"
EndProject
Project("{FAE04EC0-301F-11D3-BF4B-00C04F79EFBC}") = "NoAsyncApi", "NoAsyncApi\NoAsyncApi.csproj", "{84F7563E-9BC1-4E77-A717-B073F5BC6E0E}"
EndProject
Global
	GlobalSection(SolutionConfigurationPlatforms) = preSolution
		Debug|Any CPU = Debug|Any CPU
		Release|Any CPU = Release|Any CPU
	EndGlobalSection
	GlobalSection(ProjectConfigurationPlatforms) = postSolution
		{7FEFB982-C7CF-44FC-8DD4-1151564A0EBC}.Debug|Any CPU.ActiveCfg = Debug|Any CPU
		{7FEFB982-C7CF-44FC-8DD4-1151564A0EBC}.Debug|Any CPU.Build.0 = Debug|Any CPU
		{7FEFB982-C7CF-44FC-8DD4-1151564A0EBC}.Release|Any CPU.ActiveCfg = Release|Any CPU
		{7FEFB982-C7CF-44FC-8DD4-1151564A0EBC}.Release|Any CPU.Build.0 = Release|Any CPU
		{84F7563E-9BC1-4E77-A717-B073F5BC6E0E}.Debug|Any CPU.ActiveCfg = Debug|Any CPU
		{84F7563E-9BC1-4E77-A717-B073F5BC6E0E}.Debug|Any CPU.Build.0 = Debug|Any CPU
		{84F7563E-9BC1-4E77-A717-B073F5BC6E0E}.Release|Any CPU.ActiveCfg = Release|Any CPU
		{84F7563E-9BC1-4E77-A717-B073F5BC6E0E}.Release|Any CPU.Build.0 = Release|Any CPU
	EndGlobalSection
EndGlobal
